
Microsoft Visual Studio Solution File, Format Version 12.00
# Visual Studio 15
Project("{FAE04EC0-301F-11D3-BF4B-00C04F79EFBC}") = "PhotonUnityNetworking.Demos", "PhotonUnityNetworking.Demos.csproj", "{FD5F0F73-02AC-7B9B-9F65-E970B3832640}"
EndProject
Project("{FAE04EC0-301F-11D3-BF4B-00C04F79EFBC}") = "PhotonUnityNetworking.Utilities", "PhotonUnityNetworking.Utilities.csproj", "{77A3E610-6F2F-6250-EA29-C28DF18C4C5F}"
EndProject
Project("{FAE04EC0-301F-11D3-BF4B-00C04F79EFBC}") = "Assembly-CSharp", "Assembly-CSharp.csproj", "{41D27DB0-3C08-D48B-5C82-C5657D253FBD}"
EndProject
Project("{FAE04EC0-301F-11D3-BF4B-00C04F79EFBC}") = "BitpackersASMDEF", "BitpackersASMDEF.csproj", "{396641A6-A932-88EE-C504-CB31EE6D78DF}"
EndProject
Project("{FAE04EC0-301F-11D3-BF4B-00C04F79EFBC}") = "EmoCompressUtilsASMDEF", "EmoCompressUtilsASMDEF.csproj", "{3DBBE4DF-B06F-76D5-BF4D-C2D3092FC7CD}"
EndProject
Project("{FAE04EC0-301F-11D3-BF4B-00C04F79EFBC}") = "PhotonChat", "PhotonChat.csproj", "{7B1982FF-C939-7D07-5ABA-7E0B4D938F70}"
EndProject
Project("{FAE04EC0-301F-11D3-BF4B-00C04F79EFBC}") = "PhotonUnityNetworking", "PhotonUnityNetworking.csproj", "{2CB06B9B-72C1-79BF-7370-AF52A39C9C66}"
EndProject
Project("{FAE04EC0-301F-11D3-BF4B-00C04F79EFBC}") = "PhotonRealtime", "PhotonRealtime.csproj", "{31E1C520-EE2F-66E6-FCEF-D088D0BA5B91}"
EndProject
Project("{FAE04EC0-301F-11D3-BF4B-00C04F79EFBC}") = "Sirenix.OdinInspector.CompatibilityLayer", "Sirenix.OdinInspector.CompatibilityLayer.csproj", "{2B47E48D-32FD-0139-60A4-E4F71846D36E}"
EndProject
Project("{FAE04EC0-301F-11D3-BF4B-00C04F79EFBC}") = "HalfFloatASMDEF", "HalfFloatASMDEF.csproj", "{D45EFACB-EFC8-AA8D-581F-B46BAE2C7468}"
EndProject
Project("{FAE04EC0-301F-11D3-BF4B-00C04F79EFBC}") = "Sirenix.OdinInspector.CompatibilityLayer.Editor", "Sirenix.OdinInspector.CompatibilityLayer.Editor.csproj", "{A5F45782-CBBE-2498-75E6-7B39346DDD86}"
EndProject
Project("{FAE04EC0-301F-11D3-BF4B-00C04F79EFBC}") = "PhotonUnityNetworking.Editor", "PhotonUnityNetworking.Editor.csproj", "{B29A94E8-9BF8-0CF3-9FFD-381733B64065}"
EndProject
Project("{FAE04EC0-301F-11D3-BF4B-00C04F79EFBC}") = "PunDemos.DemoHubEditor", "PunDemos.DemoHubEditor.csproj", "{017CE8E9-6AB8-F157-9791-1E855619CE23}"
EndProject
Project("{FAE04EC0-301F-11D3-BF4B-00C04F79EFBC}") = "PhotonUnityNetworking.Utilities.PhotonPlayer.Editor", "PhotonUnityNetworking.Utilities.PhotonPlayer.Editor.csproj", "{F818B179-C284-042A-A3DD-0A79814A4AC0}"
EndProject
Project("{FAE04EC0-301F-11D3-BF4B-00C04F79EFBC}") = "PhotonUnityNetworking.Utilities.Culling.Editor", "PhotonUnityNetworking.Utilities.Culling.Editor.csproj", "{6B4A87D2-666A-9AC1-872C-51A95E880DF6}"
EndProject
Project("{FAE04EC0-301F-11D3-BF4B-00C04F79EFBC}") = "Assembly-CSharp-Editor", "Assembly-CSharp-Editor.csproj", "{F1A52E7D-9A0B-82A4-23E9-4456A9CA9A47}"
EndProject
Project("{FAE04EC0-301F-11D3-BF4B-00C04F79EFBC}") = "PunDemos.DemoSlotcarEditor", "PunDemos.DemoSlotcarEditor.csproj", "{4BABC9F1-C004-7DD8-1D10-FE52DB3814B8}"
EndProject
Global
	GlobalSection(SolutionConfigurationPlatforms) = preSolution
		Debug|Any CPU = Debug|Any CPU
		Release|Any CPU = Release|Any CPU
	EndGlobalSection
	GlobalSection(ProjectConfigurationPlatforms) = postSolution
		{FD5F0F73-02AC-7B9B-9F65-E970B3832640}.Debug|Any CPU.ActiveCfg = Debug|Any CPU
		{FD5F0F73-02AC-7B9B-9F65-E970B3832640}.Debug|Any CPU.Build.0 = Debug|Any CPU
		{FD5F0F73-02AC-7B9B-9F65-E970B3832640}.Release|Any CPU.ActiveCfg = Release|Any CPU
		{FD5F0F73-02AC-7B9B-9F65-E970B3832640}.Release|Any CPU.Build.0 = Release|Any CPU
		{77A3E610-6F2F-6250-EA29-C28DF18C4C5F}.Debug|Any CPU.ActiveCfg = Debug|Any CPU
		{77A3E610-6F2F-6250-EA29-C28DF18C4C5F}.Debug|Any CPU.Build.0 = Debug|Any CPU
		{77A3E610-6F2F-6250-EA29-C28DF18C4C5F}.Release|Any CPU.ActiveCfg = Release|Any CPU
		{77A3E610-6F2F-6250-EA29-C28DF18C4C5F}.Release|Any CPU.Build.0 = Release|Any CPU
		{41D27DB0-3C08-D48B-5C82-C5657D253FBD}.Debug|Any CPU.ActiveCfg = Debug|Any CPU
		{41D27DB0-3C08-D48B-5C82-C5657D253FBD}.Debug|Any CPU.Build.0 = Debug|Any CPU
		{41D27DB0-3C08-D48B-5C82-C5657D253FBD}.Release|Any CPU.ActiveCfg = Release|Any CPU
		{41D27DB0-3C08-D48B-5C82-C5657D253FBD}.Release|Any CPU.Build.0 = Release|Any CPU
		{396641A6-A932-88EE-C504-CB31EE6D78DF}.Debug|Any CPU.ActiveCfg = Debug|Any CPU
		{396641A6-A932-88EE-C504-CB31EE6D78DF}.Debug|Any CPU.Build.0 = Debug|Any CPU
		{396641A6-A932-88EE-C504-CB31EE6D78DF}.Release|Any CPU.ActiveCfg = Release|Any CPU
		{396641A6-A932-88EE-C504-CB31EE6D78DF}.Release|Any CPU.Build.0 = Release|Any CPU
		{3DBBE4DF-B06F-76D5-BF4D-C2D3092FC7CD}.Debug|Any CPU.ActiveCfg = Debug|Any CPU
		{3DBBE4DF-B06F-76D5-BF4D-C2D3092FC7CD}.Debug|Any CPU.Build.0 = Debug|Any CPU
		{3DBBE4DF-B06F-76D5-BF4D-C2D3092FC7CD}.Release|Any CPU.ActiveCfg = Release|Any CPU
		{3DBBE4DF-B06F-76D5-BF4D-C2D3092FC7CD}.Release|Any CPU.Build.0 = Release|Any CPU
		{7B1982FF-C939-7D07-5ABA-7E0B4D938F70}.Debug|Any CPU.ActiveCfg = Debug|Any CPU
		{7B1982FF-C939-7D07-5ABA-7E0B4D938F70}.Debug|Any CPU.Build.0 = Debug|Any CPU
		{7B1982FF-C939-7D07-5ABA-7E0B4D938F70}.Release|Any CPU.ActiveCfg = Release|Any CPU
		{7B1982FF-C939-7D07-5ABA-7E0B4D938F70}.Release|Any CPU.Build.0 = Release|Any CPU
		{2CB06B9B-72C1-79BF-7370-AF52A39C9C66}.Debug|Any CPU.ActiveCfg = Debug|Any CPU
		{2CB06B9B-72C1-79BF-7370-AF52A39C9C66}.Debug|Any CPU.Build.0 = Debug|Any CPU
		{2CB06B9B-72C1-79BF-7370-AF52A39C9C66}.Release|Any CPU.ActiveCfg = Release|Any CPU
		{2CB06B9B-72C1-79BF-7370-AF52A39C9C66}.Release|Any CPU.Build.0 = Release|Any CPU
		{31E1C520-EE2F-66E6-FCEF-D088D0BA5B91}.Debug|Any CPU.ActiveCfg = Debug|Any CPU
		{31E1C520-EE2F-66E6-FCEF-D088D0BA5B91}.Debug|Any CPU.Build.0 = Debug|Any CPU
		{31E1C520-EE2F-66E6-FCEF-D088D0BA5B91}.Release|Any CPU.ActiveCfg = Release|Any CPU
		{31E1C520-EE2F-66E6-FCEF-D088D0BA5B91}.Release|Any CPU.Build.0 = Release|Any CPU
		{2B47E48D-32FD-0139-60A4-E4F71846D36E}.Debug|Any CPU.ActiveCfg = Debug|Any CPU
		{2B47E48D-32FD-0139-60A4-E4F71846D36E}.Debug|Any CPU.Build.0 = Debug|Any CPU
		{2B47E48D-32FD-0139-60A4-E4F71846D36E}.Release|Any CPU.ActiveCfg = Release|Any CPU
		{2B47E48D-32FD-0139-60A4-E4F71846D36E}.Release|Any CPU.Build.0 = Release|Any CPU
		{D45EFACB-EFC8-AA8D-581F-B46BAE2C7468}.Debug|Any CPU.ActiveCfg = Debug|Any CPU
		{D45EFACB-EFC8-AA8D-581F-B46BAE2C7468}.Debug|Any CPU.Build.0 = Debug|Any CPU
		{D45EFACB-EFC8-AA8D-581F-B46BAE2C7468}.Release|Any CPU.ActiveCfg = Release|Any CPU
		{D45EFACB-EFC8-AA8D-581F-B46BAE2C7468}.Release|Any CPU.Build.0 = Release|Any CPU
		{A5F45782-CBBE-2498-75E6-7B39346DDD86}.Debug|Any CPU.ActiveCfg = Debug|Any CPU
		{A5F45782-CBBE-2498-75E6-7B39346DDD86}.Debug|Any CPU.Build.0 = Debug|Any CPU
		{A5F45782-CBBE-2498-75E6-7B39346DDD86}.Release|Any CPU.ActiveCfg = Release|Any CPU
		{A5F45782-CBBE-2498-75E6-7B39346DDD86}.Release|Any CPU.Build.0 = Release|Any CPU
		{B29A94E8-9BF8-0CF3-9FFD-381733B64065}.Debug|Any CPU.ActiveCfg = Debug|Any CPU
		{B29A94E8-9BF8-0CF3-9FFD-381733B64065}.Debug|Any CPU.Build.0 = Debug|Any CPU
		{B29A94E8-9BF8-0CF3-9FFD-381733B64065}.Release|Any CPU.ActiveCfg = Release|Any CPU
		{B29A94E8-9BF8-0CF3-9FFD-381733B64065}.Release|Any CPU.Build.0 = Release|Any CPU
		{017CE8E9-6AB8-F157-9791-1E855619CE23}.Debug|Any CPU.ActiveCfg = Debug|Any CPU
		{017CE8E9-6AB8-F157-9791-1E855619CE23}.Debug|Any CPU.Build.0 = Debug|Any CPU
		{017CE8E9-6AB8-F157-9791-1E855619CE23}.Release|Any CPU.ActiveCfg = Release|Any CPU
		{017CE8E9-6AB8-F157-9791-1E855619CE23}.Release|Any CPU.Build.0 = Release|Any CPU
		{F818B179-C284-042A-A3DD-0A79814A4AC0}.Debug|Any CPU.ActiveCfg = Debug|Any CPU
		{F818B179-C284-042A-A3DD-0A79814A4AC0}.Debug|Any CPU.Build.0 = Debug|Any CPU
		{F818B179-C284-042A-A3DD-0A79814A4AC0}.Release|Any CPU.ActiveCfg = Release|Any CPU
		{F818B179-C284-042A-A3DD-0A79814A4AC0}.Release|Any CPU.Build.0 = Release|Any CPU
		{6B4A87D2-666A-9AC1-872C-51A95E880DF6}.Debug|Any CPU.ActiveCfg = Debug|Any CPU
		{6B4A87D2-666A-9AC1-872C-51A95E880DF6}.Debug|Any CPU.Build.0 = Debug|Any CPU
		{6B4A87D2-666A-9AC1-872C-51A95E880DF6}.Release|Any CPU.ActiveCfg = Release|Any CPU
		{6B4A87D2-666A-9AC1-872C-51A95E880DF6}.Release|Any CPU.Build.0 = Release|Any CPU
		{F1A52E7D-9A0B-82A4-23E9-4456A9CA9A47}.Debug|Any CPU.ActiveCfg = Debug|Any CPU
		{F1A52E7D-9A0B-82A4-23E9-4456A9CA9A47}.Debug|Any CPU.Build.0 = Debug|Any CPU
		{F1A52E7D-9A0B-82A4-23E9-4456A9CA9A47}.Release|Any CPU.ActiveCfg = Release|Any CPU
		{F1A52E7D-9A0B-82A4-23E9-4456A9CA9A47}.Release|Any CPU.Build.0 = Release|Any CPU
		{4BABC9F1-C004-7DD8-1D10-FE52DB3814B8}.Debug|Any CPU.ActiveCfg = Debug|Any CPU
		{4BABC9F1-C004-7DD8-1D10-FE52DB3814B8}.Debug|Any CPU.Build.0 = Debug|Any CPU
		{4BABC9F1-C004-7DD8-1D10-FE52DB3814B8}.Release|Any CPU.ActiveCfg = Release|Any CPU
		{4BABC9F1-C004-7DD8-1D10-FE52DB3814B8}.Release|Any CPU.Build.0 = Release|Any CPU
	EndGlobalSection
	GlobalSection(SolutionProperties) = preSolution
		HideSolutionNode = FALSE
	EndGlobalSection
	GlobalSection(MonoDevelopProperties) = preSolution
		StartupItem = Assembly-CSharp.csproj
	EndGlobalSection
EndGlobal
